
Microsoft Visual Studio Solution File, Format Version 12.00
# Visual Studio Version 17
VisualStudioVersion = 17.7.34031.279
MinimumVisualStudioVersion = 10.0.40219.1
Project("{FAE04EC0-301F-11D3-BF4B-00C04F79EFBC}") = "BubbleTrouble", "BubbleTrouble\BubbleTrouble.csproj", "{AD373ADD-2A6D-4DBA-929B-686ECFA97A9B}"
EndProject
Global
	GlobalSection(SolutionConfigurationPlatforms) = preSolution
		Debug|Any CPU = Debug|Any CPU
		Release|Any CPU = Release|Any CPU
	EndGlobalSection
	GlobalSection(ProjectConfigurationPlatforms) = postSolution
		{AD373ADD-2A6D-4DBA-929B-686ECFA97A9B}.Debug|Any CPU.ActiveCfg = Debug|Any CPU
		{AD373ADD-2A6D-4DBA-929B-686ECFA97A9B}.Debug|Any CPU.Build.0 = Debug|Any CPU
		{AD373ADD-2A6D-4DBA-929B-686ECFA97A9B}.Release|Any CPU.ActiveCfg = Release|Any CPU
		{AD373ADD-2A6D-4DBA-929B-686ECFA97A9B}.Release|Any CPU.Build.0 = Release|Any CPU
	EndGlobalSection
	GlobalSection(SolutionProperties) = preSolution
		HideSolutionNode = FALSE
	EndGlobalSection
	GlobalSection(ExtensibilityGlobals) = postSolution
		SolutionGuid = {7C506BA7-F8E6-4CAC-898F-C5ACBEACAE05}
	EndGlobalSection
EndGlobal
